
Microsoft Visual Studio Solution File, Format Version 12.00
# Visual Studio Version 17
VisualStudioVersion = 17.7.34031.279
MinimumVisualStudioVersion = 10.0.40219.1
Project("{FAE04EC0-301F-11D3-BF4B-00C04F79EFBC}") = "Restorant Marica", "Restorant Marica.csproj", "{AF06B2B8-926F-43B9-A396-C4206F3DB563}"
EndProject
Global
	GlobalSection(SolutionConfigurationPlatforms) = preSolution
		Debug|Any CPU = Debug|Any CPU
		Release|Any CPU = Release|Any CPU
	EndGlobalSection
	GlobalSection(ProjectConfigurationPlatforms) = postSolution
		{AF06B2B8-926F-43B9-A396-C4206F3DB563}.Debug|Any CPU.ActiveCfg = Debug|Any CPU
		{AF06B2B8-926F-43B9-A396-C4206F3DB563}.Debug|Any CPU.Build.0 = Debug|Any CPU
		{AF06B2B8-926F-43B9-A396-C4206F3DB563}.Release|Any CPU.ActiveCfg = Release|Any CPU
		{AF06B2B8-926F-43B9-A396-C4206F3DB563}.Release|Any CPU.Build.0 = Release|Any CPU
	EndGlobalSection
	GlobalSection(SolutionProperties) = preSolution
		HideSolutionNode = FALSE
	EndGlobalSection
	GlobalSection(ExtensibilityGlobals) = postSolution
		SolutionGuid = {8C3C1BE1-1DBB-4749-9240-0768CB187A2E}
	EndGlobalSection
EndGlobal
